Microsoft Visual Studio Solution File, Format Version 11.00
# Visual Studio 2008

Project("{704D8BCB-DDA2-A721-BB0A-B91A85738BC1}") = "ALADDIN_RUNNER", "Assembly-CSharp-firstpass.csproj", "{D92CF017-F737-9853-82F4-9AC356D9641E}"
EndProject
Project("{704D8BCB-DDA2-A721-BB0A-B91A85738BC1}") = "ALADDIN_RUNNER", "Assembly-CSharp.csproj", "{13A111C4-15DE-F1A1-E663-6178CD07C38D}"
EndProject
Project("{704D8BCB-DDA2-A721-BB0A-B91A85738BC1}") = "ALADDIN_RUNNER", "Assembly-CSharp-Editor-firstpass.csproj", "{E73FEC5C-7ABC-E99A-3FE4-B6BC69C26F79}"
EndProject
Project("{704D8BCB-DDA2-A721-BB0A-B91A85738BC1}") = "ALADDIN_RUNNER", "Assembly-CSharp-Editor.csproj", "{73BE4F9E-804F-E02B-8C02-57E08B420EE1}"
EndProject
Global
	GlobalSection(SolutionConfigurationPlatforms) = preSolution
		Debug|Any CPU = Debug|Any CPU
		Release|Any CPU = Release|Any CPU
	EndGlobalSection
	GlobalSection(ProjectConfigurationPlatforms) = postSolution
		{D92CF017-F737-9853-82F4-9AC356D9641E}.Debug|Any CPU.ActiveCfg = Debug|Any CPU
		{D92CF017-F737-9853-82F4-9AC356D9641E}.Debug|Any CPU.Build.0 = Debug|Any CPU
		{D92CF017-F737-9853-82F4-9AC356D9641E}.Release|Any CPU.ActiveCfg = Release|Any CPU
		{D92CF017-F737-9853-82F4-9AC356D9641E}.Release|Any CPU.Build.0 = Release|Any CPU
		{13A111C4-15DE-F1A1-E663-6178CD07C38D}.Debug|Any CPU.ActiveCfg = Debug|Any CPU
		{13A111C4-15DE-F1A1-E663-6178CD07C38D}.Debug|Any CPU.Build.0 = Debug|Any CPU
		{13A111C4-15DE-F1A1-E663-6178CD07C38D}.Release|Any CPU.ActiveCfg = Release|Any CPU
		{13A111C4-15DE-F1A1-E663-6178CD07C38D}.Release|Any CPU.Build.0 = Release|Any CPU
		{E73FEC5C-7ABC-E99A-3FE4-B6BC69C26F79}.Debug|Any CPU.ActiveCfg = Debug|Any CPU
		{E73FEC5C-7ABC-E99A-3FE4-B6BC69C26F79}.Debug|Any CPU.Build.0 = Debug|Any CPU
		{E73FEC5C-7ABC-E99A-3FE4-B6BC69C26F79}.Release|Any CPU.ActiveCfg = Release|Any CPU
		{E73FEC5C-7ABC-E99A-3FE4-B6BC69C26F79}.Release|Any CPU.Build.0 = Release|Any CPU
		{73BE4F9E-804F-E02B-8C02-57E08B420EE1}.Debug|Any CPU.ActiveCfg = Debug|Any CPU
		{73BE4F9E-804F-E02B-8C02-57E08B420EE1}.Debug|Any CPU.Build.0 = Debug|Any CPU
		{73BE4F9E-804F-E02B-8C02-57E08B420EE1}.Release|Any CPU.ActiveCfg = Release|Any CPU
		{73BE4F9E-804F-E02B-8C02-57E08B420EE1}.Release|Any CPU.Build.0 = Release|Any CPU
	EndGlobalSection
	GlobalSection(SolutionProperties) = preSolution
		HideSolutionNode = FALSE
	EndGlobalSection
																																																																																																																																																																																																																																																																																																																																																																																																																																																																														GlobalSection(MonoDevelopProperties) = preSolution
		StartupItem = Assembly-CSharp.csproj
		Policies = $0
		$0.TextStylePolicy = $1
		$1.inheritsSet = null
		$1.scope = text/x-csharp
		$0.CSharpFormattingPolicy = $2
		$2.inheritsSet = Mono
		$2.inheritsScope = text/x-csharp
		$2.scope = text/x-csharp
		$0.TextStylePolicy = $3
		$3.FileWidth = 120
		$3.TabWidth = 4
		$3.EolMarker = Unix
		$3.inheritsSet = Mono
		$3.inheritsScope = text/plain
		$3.scope = text/plain
	EndGlobalSection
EndGlobal
