
Microsoft Visual Studio Solution File, Format Version 11.00
# Visual Studio 2010
Project("{FAE04EC0-301F-11D3-BF4B-00C04F79EFBC}") = "Nudnik--Alladin Runner", "Assembly-CSharp-firstpass.csproj", "{383E1D4F-C604-7E57-1678-7C27A9749B4F}"
EndProject
Project("{FAE04EC0-301F-11D3-BF4B-00C04F79EFBC}") = "Nudnik--Alladin Runner", "Assembly-CSharp.csproj", "{CEFF8084-71AE-8B13-EA24-0C020F96D1BC}"
EndProject
Project("{FAE04EC0-301F-11D3-BF4B-00C04F79EFBC}") = "Nudnik--Alladin Runner", "Assembly-CSharp-Editor-firstpass.csproj", "{3D71B5F1-370E-35DA-13B5-06B2A9B84ADB}"
EndProject
Project("{FAE04EC0-301F-11D3-BF4B-00C04F79EFBC}") = "Nudnik--Alladin Runner", "Assembly-CSharp-Editor.csproj", "{BBA959E4-02A6-1B68-5339-2DAC522AEBAD}"
EndProject
Global
	GlobalSection(SolutionConfigurationPlatforms) = preSolution
		Debug|Any CPU = Debug|Any CPU
		Release|Any CPU = Release|Any CPU
	EndGlobalSection
	GlobalSection(ProjectConfigurationPlatforms) = postSolution
		{383E1D4F-C604-7E57-1678-7C27A9749B4F}.Debug|Any CPU.ActiveCfg = Debug|Any CPU
		{383E1D4F-C604-7E57-1678-7C27A9749B4F}.Debug|Any CPU.Build.0 = Debug|Any CPU
		{383E1D4F-C604-7E57-1678-7C27A9749B4F}.Release|Any CPU.ActiveCfg = Release|Any CPU
		{383E1D4F-C604-7E57-1678-7C27A9749B4F}.Release|Any CPU.Build.0 = Release|Any CPU
		{CEFF8084-71AE-8B13-EA24-0C020F96D1BC}.Debug|Any CPU.ActiveCfg = Debug|Any CPU
		{CEFF8084-71AE-8B13-EA24-0C020F96D1BC}.Debug|Any CPU.Build.0 = Debug|Any CPU
		{CEFF8084-71AE-8B13-EA24-0C020F96D1BC}.Release|Any CPU.ActiveCfg = Release|Any CPU
		{CEFF8084-71AE-8B13-EA24-0C020F96D1BC}.Release|Any CPU.Build.0 = Release|Any CPU
		{3D71B5F1-370E-35DA-13B5-06B2A9B84ADB}.Debug|Any CPU.ActiveCfg = Debug|Any CPU
		{3D71B5F1-370E-35DA-13B5-06B2A9B84ADB}.Debug|Any CPU.Build.0 = Debug|Any CPU
		{3D71B5F1-370E-35DA-13B5-06B2A9B84ADB}.Release|Any CPU.ActiveCfg = Release|Any CPU
		{3D71B5F1-370E-35DA-13B5-06B2A9B84ADB}.Release|Any CPU.Build.0 = Release|Any CPU
		{BBA959E4-02A6-1B68-5339-2DAC522AEBAD}.Debug|Any CPU.ActiveCfg = Debug|Any CPU
		{BBA959E4-02A6-1B68-5339-2DAC522AEBAD}.Debug|Any CPU.Build.0 = Debug|Any CPU
		{BBA959E4-02A6-1B68-5339-2DAC522AEBAD}.Release|Any CPU.ActiveCfg = Release|Any CPU
		{BBA959E4-02A6-1B68-5339-2DAC522AEBAD}.Release|Any CPU.Build.0 = Release|Any CPU
	EndGlobalSection
	GlobalSection(SolutionProperties) = preSolution
		HideSolutionNode = FALSE
	EndGlobalSection
	GlobalSection(MonoDevelopProperties) = preSolution
		StartupItem = Assembly-CSharp.csproj
	EndGlobalSection
EndGlobal
